
Microsoft Visual Studio Solution File, Format Version 12.00
# Visual Studio Version 17
VisualStudioVersion = 17.9.34728.123
MinimumVisualStudioVersion = 10.0.40219.1
Project("{FAE04EC0-301F-11D3-BF4B-00C04F79EFBC}") = "Exercicio1", "Exercicio1\Exercicio1.csproj", "{30546D4A-8597-4EE7-B6A3-4BE9E5ABD8DF}"
EndProject
Global
	GlobalSection(SolutionConfigurationPlatforms) = preSolution
		Debug|Any CPU = Debug|Any CPU
		Release|Any CPU = Release|Any CPU
	EndGlobalSection
	GlobalSection(ProjectConfigurationPlatforms) = postSolution
		{30546D4A-8597-4EE7-B6A3-4BE9E5ABD8DF}.Debug|Any CPU.ActiveCfg = Debug|Any CPU
		{30546D4A-8597-4EE7-B6A3-4BE9E5ABD8DF}.Debug|Any CPU.Build.0 = Debug|Any CPU
		{30546D4A-8597-4EE7-B6A3-4BE9E5ABD8DF}.Release|Any CPU.ActiveCfg = Release|Any CPU
		{30546D4A-8597-4EE7-B6A3-4BE9E5ABD8DF}.Release|Any CPU.Build.0 = Release|Any CPU
	EndGlobalSection
	GlobalSection(SolutionProperties) = preSolution
		HideSolutionNode = FALSE
	EndGlobalSection
	GlobalSection(ExtensibilityGlobals) = postSolution
		SolutionGuid = {51612FC4-C1B9-4835-915B-2E073890897E}
	EndGlobalSection
EndGlobal
